
Microsoft Visual Studio Solution File, Format Version 12.00
# Visual Studio Version 16
VisualStudioVersion = 16.0.29102.190
MinimumVisualStudioVersion = 10.0.40219.1
Project("{FAE04EC0-301F-11D3-BF4B-00C04F79EFBC}") = "RS_CoreRazorContoso", "RS_CoreRazorContoso\RS_CoreRazorContoso.csproj", "{01C20228-03D4-4C16-AD42-9CD963C5AB66}"
EndProject
Global
	GlobalSection(SolutionConfigurationPlatforms) = preSolution
		Debug|Any CPU = Debug|Any CPU
		Release|Any CPU = Release|Any CPU
	EndGlobalSection
	GlobalSection(ProjectConfigurationPlatforms) = postSolution
		{01C20228-03D4-4C16-AD42-9CD963C5AB66}.Debug|Any CPU.ActiveCfg = Debug|Any CPU
		{01C20228-03D4-4C16-AD42-9CD963C5AB66}.Debug|Any CPU.Build.0 = Debug|Any CPU
		{01C20228-03D4-4C16-AD42-9CD963C5AB66}.Release|Any CPU.ActiveCfg = Release|Any CPU
		{01C20228-03D4-4C16-AD42-9CD963C5AB66}.Release|Any CPU.Build.0 = Release|Any CPU
	EndGlobalSection
	GlobalSection(SolutionProperties) = preSolution
		HideSolutionNode = FALSE
	EndGlobalSection
	GlobalSection(ExtensibilityGlobals) = postSolution
		SolutionGuid = {F3E23F9A-948D-465F-ACA2-09C83BB07DA4}
	EndGlobalSection
EndGlobal
